// !$*UTF8*$!
{
	archiveVersion = 1;
	classes = {
	};
	objectVersion = 56;
	objects = {

/* Begin PBXBuildFile section */
		9D039FB828DD98AD00891205 /* MainTabBarController.swift in Sources */ = {isa = PBXBuildFile; fileRef = 9D039FB728DD98AD00891205 /* MainTabBarController.swift */; };
		9D039FBA28DD9EF000891205 /* ProfileViewController.swift in Sources */ = {isa = PBXBuildFile; fileRef = 9D039FB928DD9EF000891205 /* ProfileViewController.swift */; };
		9D039FBC28DDA02D00891205 /* NewWorkoutViewController.swift in Sources */ = {isa = PBXBuildFile; fileRef = 9D039FBB28DDA02D00891205 /* NewWorkoutViewController.swift */; };
		9D039FBF28DF344700891205 /* DateAndRepeatView.swift in Sources */ = {isa = PBXBuildFile; fileRef = 9D039FBE28DF344700891205 /* DateAndRepeatView.swift */; };
		9D039FC128DF34A100891205 /* RepsOrTimerView.swift in Sources */ = {isa = PBXBuildFile; fileRef = 9D039FC028DF34A100891205 /* RepsOrTimerView.swift */; };
		9D40ED8328ED94EB006E5D6F /* RepsWorkoutViewController.swift in Sources */ = {isa = PBXBuildFile; fileRef = 9D40ED8228ED94EA006E5D6F /* RepsWorkoutViewController.swift */; };
		9D40ED8528ED954E006E5D6F /* TimerWorkoutViewController.swift in Sources */ = {isa = PBXBuildFile; fileRef = 9D40ED8428ED954E006E5D6F /* TimerWorkoutViewController.swift */; };
		9D40ED8828ED9647006E5D6F /* WorkoutParametersView.swift in Sources */ = {isa = PBXBuildFile; fileRef = 9D40ED8728ED9647006E5D6F /* WorkoutParametersView.swift */; };
		9D40ED8B28ED9729006E5D6F /* TimerWorkoutParametersView.swift in Sources */ = {isa = PBXBuildFile; fileRef = 9D40ED8A28ED9729006E5D6F /* TimerWorkoutParametersView.swift */; };
		9D40ED8D28ED9A4C006E5D6F /* CustomAlert.swift in Sources */ = {isa = PBXBuildFile; fileRef = 9D40ED8C28ED9A4C006E5D6F /* CustomAlert.swift */; };
		9D7051ED28E023E50095F3DB /* WorkoutModel.swift in Sources */ = {isa = PBXBuildFile; fileRef = 9D7051EC28E023E50095F3DB /* WorkoutModel.swift */; };
		9D7051F028E025580095F3DB /* RealmManager.swift in Sources */ = {isa = PBXBuildFile; fileRef = 9D7051EF28E025580095F3DB /* RealmManager.swift */; };
		9D7051F228E0303E0095F3DB /* Date + Extensions.swift in Sources */ = {isa = PBXBuildFile; fileRef = 9D7051F128E0303E0095F3DB /* Date + Extensions.swift */; };
		9D7051F728E2FC770095F3DB /* SimpleAlert.swift in Sources */ = {isa = PBXBuildFile; fileRef = 9D7051F628E2FC770095F3DB /* SimpleAlert.swift */; };
		9DD4782D28D72BC200DC2B44 /* AppDelegate.swift in Sources */ = {isa = PBXBuildFile; fileRef = 9DD4782C28D72BC200DC2B44 /* AppDelegate.swift */; };
		9DD4782F28D72BC200DC2B44 /* SceneDelegate.swift in Sources */ = {isa = PBXBuildFile; fileRef = 9DD4782E28D72BC200DC2B44 /* SceneDelegate.swift */; };
		9DD4783128D72BC200DC2B44 /* MainViewController.swift in Sources */ = {isa = PBXBuildFile; fileRef = 9DD4783028D72BC200DC2B44 /* MainViewController.swift */; };
		9DD4783628D72BC500DC2B44 /* Assets.xcassets in Resources */ = {isa = PBXBuildFile; fileRef = 9DD4783528D72BC500DC2B44 /* Assets.xcassets */; };
		9DD4783928D72BC500DC2B44 /* LaunchScreen.storyboard in Resources */ = {isa = PBXBuildFile; fileRef = 9DD4783728D72BC500DC2B44 /* LaunchScreen.storyboard */; };
		9DD4784728D74B0300DC2B44 /* CalendarView.swift in Sources */ = {isa = PBXBuildFile; fileRef = 9DD4784628D74B0300DC2B44 /* CalendarView.swift */; };
		9DD4784928D86FE600DC2B44 /* WetherView.swift in Sources */ = {isa = PBXBuildFile; fileRef = 9DD4784828D86FE600DC2B44 /* WetherView.swift */; };
		9DD4785028D8706700DC2B44 /* UIColor + Extensions.swift in Sources */ = {isa = PBXBuildFile; fileRef = 9DD4784C28D8706700DC2B44 /* UIColor + Extensions.swift */; };
		9DD4785128D8706700DC2B44 /* UIView + Extensions.swift in Sources */ = {isa = PBXBuildFile; fileRef = 9DD4784D28D8706700DC2B44 /* UIView + Extensions.swift */; };
		9DD4785228D8706700DC2B44 /* UIFont + Extensions.swift in Sources */ = {isa = PBXBuildFile; fileRef = 9DD4784E28D8706700DC2B44 /* UIFont + Extensions.swift */; };
		9DD4785328D8706700DC2B44 /* UIStackView + Extensions.swift in Sources */ = {isa = PBXBuildFile; fileRef = 9DD4784F28D8706700DC2B44 /* UIStackView + Extensions.swift */; };
		9DD4789628DC081000DC2B44 /* CalendarCollectionViewCell.swift in Sources */ = {isa = PBXBuildFile; fileRef = 9DD4789528DC081000DC2B44 /* CalendarCollectionViewCell.swift */; };
		9DD4789A28DC0D0B00DC2B44 /* Roboto-Bold.ttf in Resources */ = {isa = PBXBuildFile; fileRef = 9DD4789828DC0D0B00DC2B44 /* Roboto-Bold.ttf */; };
		9DD4789B28DC0D0B00DC2B44 /* Roboto-Medium.ttf in Resources */ = {isa = PBXBuildFile; fileRef = 9DD4789928DC0D0B00DC2B44 /* Roboto-Medium.ttf */; };
		9DD4789D28DC2B8C00DC2B44 /* WorkoutTableViewCell.swift in Sources */ = {isa = PBXBuildFile; fileRef = 9DD4789C28DC2B8C00DC2B44 /* WorkoutTableViewCell.swift */; };
		9DF878B328DC840A0026AD5C /* UILabel + Extensions.swift in Sources */ = {isa = PBXBuildFile; fileRef = 9DF878B228DC840A0026AD5C /* UILabel + Extensions.swift */; };
		9DF878B528DC854F0026AD5C /* StatisticViewController.swift in Sources */ = {isa = PBXBuildFile; fileRef = 9DF878B428DC854F0026AD5C /* StatisticViewController.swift */; };
		9DF878B728DC85E70026AD5C /* StatisticTableViewCell.swift in Sources */ = {isa = PBXBuildFile; fileRef = 9DF878B628DC85E70026AD5C /* StatisticTableViewCell.swift */; };
		BF0AE299661861EF88E39B50 /* Pods_workOut.framework in Frameworks */ = {isa = PBXBuildFile; fileRef = 1D3A7FCBA727664018CE6CAF /* Pods_workOut.framework */; };
/* End PBXBuildFile section */

/* Begin PBXFileReference section */
		1D3A7FCBA727664018CE6CAF /* Pods_workOut.framework */ = {isa = PBXFileReference; explicitFileType = wrapper.framework; includeInIndex = 0; path = Pods_workOut.framework; sourceTree = BUILT_PRODUCTS_DIR; };
		9D039FB728DD98AD00891205 /* MainTabBarController.swift */ = {isa = PBXFileReference; lastKnownFileType = sourcecode.swift; path = MainTabBarController.swift; sourceTree = "<group>"; };
		9D039FB928DD9EF000891205 /* ProfileViewController.swift */ = {isa = PBXFileReference; lastKnownFileType = sourcecode.swift; path = ProfileViewController.swift; sourceTree = "<group>"; };
		9D039FBB28DDA02D00891205 /* NewWorkoutViewController.swift */ = {isa = PBXFileReference; lastKnownFileType = sourcecode.swift; path = NewWorkoutViewController.swift; sourceTree = "<group>"; };
		9D039FBE28DF344700891205 /* DateAndRepeatView.swift */ = {isa = PBXFileReference; lastKnownFileType = sourcecode.swift; path = DateAndRepeatView.swift; sourceTree = "<group>"; };
		9D039FC028DF34A100891205 /* RepsOrTimerView.swift */ = {isa = PBXFileReference; lastKnownFileType = sourcecode.swift; path = RepsOrTimerView.swift; sourceTree = "<group>"; };
		9D40ED8228ED94EA006E5D6F /* RepsWorkoutViewController.swift */ = {isa = PBXFileReference; lastKnownFileType = sourcecode.swift; path = RepsWorkoutViewController.swift; sourceTree = "<group>"; };
		9D40ED8428ED954E006E5D6F /* TimerWorkoutViewController.swift */ = {isa = PBXFileReference; lastKnownFileType = sourcecode.swift; path = TimerWorkoutViewController.swift; sourceTree = "<group>"; };
		9D40ED8728ED9647006E5D6F /* WorkoutParametersView.swift */ = {isa = PBXFileReference; lastKnownFileType = sourcecode.swift; path = WorkoutParametersView.swift; sourceTree = "<group>"; };
		9D40ED8A28ED9729006E5D6F /* TimerWorkoutParametersView.swift */ = {isa = PBXFileReference; lastKnownFileType = sourcecode.swift; path = TimerWorkoutParametersView.swift; sourceTree = "<group>"; };
		9D40ED8C28ED9A4C006E5D6F /* CustomAlert.swift */ = {isa = PBXFileReference; lastKnownFileType = sourcecode.swift; path = CustomAlert.swift; sourceTree = "<group>"; };
		9D7051EC28E023E50095F3DB /* WorkoutModel.swift */ = {isa = PBXFileReference; lastKnownFileType = sourcecode.swift; path = WorkoutModel.swift; sourceTree = "<group>"; };
		9D7051EF28E025580095F3DB /* RealmManager.swift */ = {isa = PBXFileReference; lastKnownFileType = sourcecode.swift; path = RealmManager.swift; sourceTree = "<group>"; };
		9D7051F128E0303E0095F3DB /* Date + Extensions.swift */ = {isa = PBXFileReference; lastKnownFileType = sourcecode.swift; path = "Date + Extensions.swift"; sourceTree = "<group>"; };
		9D7051F628E2FC770095F3DB /* SimpleAlert.swift */ = {isa = PBXFileReference; lastKnownFileType = sourcecode.swift; path = SimpleAlert.swift; sourceTree = "<group>"; };
		9DD4782928D72BC200DC2B44 /* workOut.app */ = {isa = PBXFileReference; explicitFileType = wrapper.application; includeInIndex = 0; path = workOut.app; sourceTree = BUILT_PRODUCTS_DIR; };
		9DD4782C28D72BC200DC2B44 /* AppDelegate.swift */ = {isa = PBXFileReference; lastKnownFileType = sourcecode.swift; path = AppDelegate.swift; sourceTree = "<group>"; };
		9DD4782E28D72BC200DC2B44 /* SceneDelegate.swift */ = {isa = PBXFileReference; lastKnownFileType = sourcecode.swift; path = SceneDelegate.swift; sourceTree = "<group>"; };
		9DD4783028D72BC200DC2B44 /* MainViewController.swift */ = {isa = PBXFileReference; lastKnownFileType = sourcecode.swift; path = MainViewController.swift; sourceTree = "<group>"; };
		9DD4783528D72BC500DC2B44 /* Assets.xcassets */ = {isa = PBXFileReference; lastKnownFileType = folder.assetcatalog; path = Assets.xcassets; sourceTree = "<group>"; };
		9DD4783828D72BC500DC2B44 /* Base */ = {isa = PBXFileReference; lastKnownFileType = file.storyboard; name = Base; path = Base.lproj/LaunchScreen.storyboard; sourceTree = "<group>"; };
		9DD4783A28D72BC500DC2B44 /* Info.plist */ = {isa = PBXFileReference; lastKnownFileType = text.plist.xml; path = Info.plist; sourceTree = "<group>"; };
		9DD4784628D74B0300DC2B44 /* CalendarView.swift */ = {isa = PBXFileReference; lastKnownFileType = sourcecode.swift; path = CalendarView.swift; sourceTree = "<group>"; };
		9DD4784828D86FE600DC2B44 /* WetherView.swift */ = {isa = PBXFileReference; lastKnownFileType = sourcecode.swift; path = WetherView.swift; sourceTree = "<group>"; };
		9DD4784C28D8706700DC2B44 /* UIColor + Extensions.swift */ = {isa = PBXFileReference; fileEncoding = 4; lastKnownFileType = sourcecode.swift; path = "UIColor + Extensions.swift"; sourceTree = "<group>"; };
		9DD4784D28D8706700DC2B44 /* UIView + Extensions.swift */ = {isa = PBXFileReference; fileEncoding = 4; lastKnownFileType = sourcecode.swift; path = "UIView + Extensions.swift"; sourceTree = "<group>"; };
		9DD4784E28D8706700DC2B44 /* UIFont + Extensions.swift */ = {isa = PBXFileReference; fileEncoding = 4; lastKnownFileType = sourcecode.swift; path = "UIFont + Extensions.swift"; sourceTree = "<group>"; };
		9DD4784F28D8706700DC2B44 /* UIStackView + Extensions.swift */ = {isa = PBXFileReference; fileEncoding = 4; lastKnownFileType = sourcecode.swift; path = "UIStackView + Extensions.swift"; sourceTree = "<group>"; };
		9DD4789528DC081000DC2B44 /* CalendarCollectionViewCell.swift */ = {isa = PBXFileReference; lastKnownFileType = sourcecode.swift; path = CalendarCollectionViewCell.swift; sourceTree = "<group>"; };
		9DD4789828DC0D0B00DC2B44 /* Roboto-Bold.ttf */ = {isa = PBXFileReference; lastKnownFileType = file; path = "Roboto-Bold.ttf"; sourceTree = "<group>"; };
		9DD4789928DC0D0B00DC2B44 /* Roboto-Medium.ttf */ = {isa = PBXFileReference; lastKnownFileType = file; path = "Roboto-Medium.ttf"; sourceTree = "<group>"; };
		9DD4789C28DC2B8C00DC2B44 /* WorkoutTableViewCell.swift */ = {isa = PBXFileReference; lastKnownFileType = sourcecode.swift; path = WorkoutTableViewCell.swift; sourceTree = "<group>"; };
		9DF878B228DC840A0026AD5C /* UILabel + Extensions.swift */ = {isa = PBXFileReference; fileEncoding = 4; lastKnownFileType = sourcecode.swift; path = "UILabel + Extensions.swift"; sourceTree = "<group>"; };
		9DF878B428DC854F0026AD5C /* StatisticViewController.swift */ = {isa = PBXFileReference; lastKnownFileType = sourcecode.swift; path = StatisticViewController.swift; sourceTree = "<group>"; };
		9DF878B628DC85E70026AD5C /* StatisticTableViewCell.swift */ = {isa = PBXFileReference; lastKnownFileType = sourcecode.swift; path = StatisticTableViewCell.swift; sourceTree = "<group>"; };
		AEAE9AE6DF08CC22F9DB9B1B /* Pods-workOut.debug.xcconfig */ = {isa = PBXFileReference; includeInIndex = 1; lastKnownFileType = text.xcconfig; name = "Pods-workOut.debug.xcconfig"; path = "Target Support Files/Pods-workOut/Pods-workOut.debug.xcconfig"; sourceTree = "<group>"; };
		FAD3AC562164E8E2DC14BAF9 /* Pods-workOut.release.xcconfig */ = {isa = PBXFileReference; includeInIndex = 1; lastKnownFileType = text.xcconfig; name = "Pods-workOut.release.xcconfig"; path = "Target Support Files/Pods-workOut/Pods-workOut.release.xcconfig"; sourceTree = "<group>"; };
/* End PBXFileReference section */

/* Begin PBXFrameworksBuildPhase section */
		9DD4782628D72BC200DC2B44 /* Frameworks */ = {
			isa = PBXFrameworksBuildPhase;
			buildActionMask = 2147483647;
			files = (
				BF0AE299661861EF88E39B50 /* Pods_workOut.framework in Frameworks */,
			);
			runOnlyForDeploymentPostprocessing = 0;
		};
/* End PBXFrameworksBuildPhase section */

/* Begin PBXGroup section */
		9D039FBD28DF341300891205 /* NewWorkoutVC */ = {
			isa = PBXGroup;
			children = (
				9D039FBE28DF344700891205 /* DateAndRepeatView.swift */,
				9D039FC028DF34A100891205 /* RepsOrTimerView.swift */,
			);
			path = NewWorkoutVC;
			sourceTree = "<group>";
		};
		9D40ED8628ED9622006E5D6F /* RepsWorkoutVC */ = {
			isa = PBXGroup;
			children = (
				9D40ED8728ED9647006E5D6F /* WorkoutParametersView.swift */,
			);
			path = RepsWorkoutVC;
			sourceTree = "<group>";
		};
		9D40ED8928ED964F006E5D6F /* TimerWorkoutVC */ = {
			isa = PBXGroup;
			children = (
				9D40ED8A28ED9729006E5D6F /* TimerWorkoutParametersView.swift */,
			);
			path = TimerWorkoutVC;
			sourceTree = "<group>";
		};
		9D7051EE28E0253D0095F3DB /* Services */ = {
			isa = PBXGroup;
			children = (
				9D7051EF28E025580095F3DB /* RealmManager.swift */,
			);
			path = Services;
			sourceTree = "<group>";
		};
		9D7051F528E2FC4A0095F3DB /* Alerts */ = {
			isa = PBXGroup;
			children = (
				9D7051F628E2FC770095F3DB /* SimpleAlert.swift */,
				9D40ED8C28ED9A4C006E5D6F /* CustomAlert.swift */,
			);
			path = Alerts;
			sourceTree = "<group>";
		};
		9DD4782028D72BC200DC2B44 = {
			isa = PBXGroup;
			children = (
				9DD4782B28D72BC200DC2B44 /* workOut */,
				9DD4782A28D72BC200DC2B44 /* Products */,
				AD2689ACA02F1F9C60E93CAC /* Pods */,
				B5712249B0656BC4920E3BD1 /* Frameworks */,
			);
			sourceTree = "<group>";
		};
		9DD4782A28D72BC200DC2B44 /* Products */ = {
			isa = PBXGroup;
			children = (
				9DD4782928D72BC200DC2B44 /* workOut.app */,
			);
			name = Products;
			sourceTree = "<group>";
		};
		9DD4782B28D72BC200DC2B44 /* workOut */ = {
			isa = PBXGroup;
			children = (
				9DD4784028D743E400DC2B44 /* Application */,
				9DD4784128D7440500DC2B44 /* Models */,
				9DD4784228D7440C00DC2B44 /* Views */,
				9DD4784328D7441400DC2B44 /* Controllers */,
				9DD4784A28D8704000DC2B44 /* Extensions */,
				9D7051EE28E0253D0095F3DB /* Services */,
				9DD4784428D7443700DC2B44 /* Resources */,
			);
			path = workOut;
			sourceTree = "<group>";
		};
		9DD4784028D743E400DC2B44 /* Application */ = {
			isa = PBXGroup;
			children = (
				9DD4782C28D72BC200DC2B44 /* AppDelegate.swift */,
				9DD4782E28D72BC200DC2B44 /* SceneDelegate.swift */,
			);
			path = Application;
			sourceTree = "<group>";
		};
		9DD4784128D7440500DC2B44 /* Models */ = {
			isa = PBXGroup;
			children = (
				9D7051EC28E023E50095F3DB /* WorkoutModel.swift */,
			);
			path = Models;
			sourceTree = "<group>";
		};
		9DD4784228D7440C00DC2B44 /* Views */ = {
			isa = PBXGroup;
			children = (
				9D7051F528E2FC4A0095F3DB /* Alerts */,
				9DD4784528D74AE500DC2B44 /* MainVC */,
				9D039FBD28DF341300891205 /* NewWorkoutVC */,
				9D40ED8628ED9622006E5D6F /* RepsWorkoutVC */,
				9DF878B828DC85FC0026AD5C /* StatisticVC */,
				9D40ED8928ED964F006E5D6F /* TimerWorkoutVC */,
			);
			path = Views;
			sourceTree = "<group>";
		};
		9DD4784328D7441400DC2B44 /* Controllers */ = {
			isa = PBXGroup;
			children = (
				9D039FB728DD98AD00891205 /* MainTabBarController.swift */,
				9DD4783028D72BC200DC2B44 /* MainViewController.swift */,
				9D039FBB28DDA02D00891205 /* NewWorkoutViewController.swift */,
				9D039FB928DD9EF000891205 /* ProfileViewController.swift */,
				9D40ED8228ED94EA006E5D6F /* RepsWorkoutViewController.swift */,
				9DF878B428DC854F0026AD5C /* StatisticViewController.swift */,
				9D40ED8428ED954E006E5D6F /* TimerWorkoutViewController.swift */,
			);
			path = Controllers;
			sourceTree = "<group>";
		};
		9DD4784428D7443700DC2B44 /* Resources */ = {
			isa = PBXGroup;
			children = (
				9DD4789728DC0CF200DC2B44 /* Fonts */,
				9DD4783728D72BC500DC2B44 /* LaunchScreen.storyboard */,
				9DD4783528D72BC500DC2B44 /* Assets.xcassets */,
				9DD4783A28D72BC500DC2B44 /* Info.plist */,
			);
			path = Resources;
			sourceTree = "<group>";
		};
		9DD4784528D74AE500DC2B44 /* MainVC */ = {
			isa = PBXGroup;
			children = (
				9DD4789428DC07EC00DC2B44 /* Cells */,
				9DD4784628D74B0300DC2B44 /* CalendarView.swift */,
				9DD4784828D86FE600DC2B44 /* WetherView.swift */,
			);
			path = MainVC;
			sourceTree = "<group>";
		};
		9DD4784A28D8704000DC2B44 /* Extensions */ = {
			isa = PBXGroup;
			children = (
				9DD4784B28D8704900DC2B44 /* UIKit */,
				9D7051F128E0303E0095F3DB /* Date + Extensions.swift */,
			);
			path = Extensions;
			sourceTree = "<group>";
		};
		9DD4784B28D8704900DC2B44 /* UIKit */ = {
			isa = PBXGroup;
			children = (
				9DD4784C28D8706700DC2B44 /* UIColor + Extensions.swift */,
				9DD4784E28D8706700DC2B44 /* UIFont + Extensions.swift */,
				9DD4784F28D8706700DC2B44 /* UIStackView + Extensions.swift */,
				9DD4784D28D8706700DC2B44 /* UIView + Extensions.swift */,
				9DF878B228DC840A0026AD5C /* UILabel + Extensions.swift */,
			);
			path = UIKit;
			sourceTree = "<group>";
		};
		9DD4789428DC07EC00DC2B44 /* Cells */ = {
			isa = PBXGroup;
			children = (
				9DD4789528DC081000DC2B44 /* CalendarCollectionViewCell.swift */,
				9DD4789C28DC2B8C00DC2B44 /* WorkoutTableViewCell.swift */,
			);
			path = Cells;
			sourceTree = "<group>";
		};
		9DD4789728DC0CF200DC2B44 /* Fonts */ = {
			isa = PBXGroup;
			children = (
				9DD4789828DC0D0B00DC2B44 /* Roboto-Bold.ttf */,
				9DD4789928DC0D0B00DC2B44 /* Roboto-Medium.ttf */,
			);
			path = Fonts;
			sourceTree = "<group>";
		};
		9DF878B828DC85FC0026AD5C /* StatisticVC */ = {
			isa = PBXGroup;
			children = (
				9DF878B628DC85E70026AD5C /* StatisticTableViewCell.swift */,
			);
			path = StatisticVC;
			sourceTree = "<group>";
		};
		AD2689ACA02F1F9C60E93CAC /* Pods */ = {
			isa = PBXGroup;
			children = (
				AEAE9AE6DF08CC22F9DB9B1B /* Pods-workOut.debug.xcconfig */,
				FAD3AC562164E8E2DC14BAF9 /* Pods-workOut.release.xcconfig */,
			);
			path = Pods;
			sourceTree = "<group>";
		};
		B5712249B0656BC4920E3BD1 /* Frameworks */ = {
			isa = PBXGroup;
			children = (
				1D3A7FCBA727664018CE6CAF /* Pods_workOut.framework */,
			);
			name = Frameworks;
			sourceTree = "<group>";
		};
/* End PBXGroup section */

/* Begin PBXNativeTarget section */
		9DD4782828D72BC200DC2B44 /* workOut */ = {
			isa = PBXNativeTarget;
			buildConfigurationList = 9DD4783D28D72BC500DC2B44 /* Build configuration list for PBXNativeTarget "workOut" */;
			buildPhases = (
				7D4C0014EAB7EC1AC9D93D89 /* [CP] Check Pods Manifest.lock */,
				9DD4782528D72BC200DC2B44 /* Sources */,
				9DD4782628D72BC200DC2B44 /* Frameworks */,
				9DD4782728D72BC200DC2B44 /* Resources */,
				B29FA92C80FAFF99C6EE0F74 /* [CP] Embed Pods Frameworks */,
			);
			buildRules = (
			);
			dependencies = (
			);
			name = workOut;
			productName = workOut;
			productReference = 9DD4782928D72BC200DC2B44 /* workOut.app */;
			productType = "com.apple.product-type.application";
		};
/* End PBXNativeTarget section */

/* Begin PBXProject section */
		9DD4782128D72BC200DC2B44 /* Project object */ = {
			isa = PBXProject;
			attributes = {
				BuildIndependentTargetsInParallel = 1;
				LastSwiftUpdateCheck = 1400;
				LastUpgradeCheck = 1400;
				TargetAttributes = {
					9DD4782828D72BC200DC2B44 = {
						CreatedOnToolsVersion = 14.0;
					};
				};
			};
			buildConfigurationList = 9DD4782428D72BC200DC2B44 /* Build configuration list for PBXProject "workOut" */;
			compatibilityVersion = "Xcode 14.0";
			developmentRegion = en;
			hasScannedForEncodings = 0;
			knownRegions = (
				en,
				Base,
			);
			mainGroup = 9DD4782028D72BC200DC2B44;
			productRefGroup = 9DD4782A28D72BC200DC2B44 /* Products */;
			projectDirPath = "";
			projectRoot = "";
			targets = (
				9DD4782828D72BC200DC2B44 /* workOut */,
			);
		};
/* End PBXProject section */

/* Begin PBXResourcesBuildPhase section */
		9DD4782728D72BC200DC2B44 /* Resources */ = {
			isa = PBXResourcesBuildPhase;
			buildActionMask = 2147483647;
			files = (
				9DD4789B28DC0D0B00DC2B44 /* Roboto-Medium.ttf in Resources */,
				9DD4783928D72BC500DC2B44 /* LaunchScreen.storyboard in Resources */,
				9DD4783628D72BC500DC2B44 /* Assets.xcassets in Resources */,
				9DD4789A28DC0D0B00DC2B44 /* Roboto-Bold.ttf in Resources */,
			);
			runOnlyForDeploymentPostprocessing = 0;
		};
/* End PBXResourcesBuildPhase section */

/* Begin PBXShellScriptBuildPhase section */
		7D4C0014EAB7EC1AC9D93D89 /* [CP] Check Pods Manifest.lock */ = {
			isa = PBXShellScriptBuildPhase;
			buildActionMask = 2147483647;
			files = (
			);
			inputFileListPaths = (
			);
			inputPaths = (
				"${PODS_PODFILE_DIR_PATH}/Podfile.lock",
				"${PODS_ROOT}/Manifest.lock",
			);
			name = "[CP] Check Pods Manifest.lock";
			outputFileListPaths = (
			);
			outputPaths = (
				"$(DERIVED_FILE_DIR)/Pods-workOut-checkManifestLockResult.txt",
			);
			runOnlyForDeploymentPostprocessing = 0;
			shellPath = /bin/sh;
			shellScript = "diff \"${PODS_PODFILE_DIR_PATH}/Podfile.lock\" \"${PODS_ROOT}/Manifest.lock\" > /dev/null\nif [ $? != 0 ] ; then\n    # print error to STDERR\n    echo \"error: The sandbox is not in sync with the Podfile.lock. Run 'pod install' or update your CocoaPods installation.\" >&2\n    exit 1\nfi\n# This output is used by Xcode 'outputs' to avoid re-running this script phase.\necho \"SUCCESS\" > \"${SCRIPT_OUTPUT_FILE_0}\"\n";
			showEnvVarsInLog = 0;
		};
		B29FA92C80FAFF99C6EE0F74 /* [CP] Embed Pods Frameworks */ = {
			isa = PBXShellScriptBuildPhase;
			buildActionMask = 2147483647;
			files = (
			);
			inputFileListPaths = (
				"${PODS_ROOT}/Target Support Files/Pods-workOut/Pods-workOut-frameworks-${CONFIGURATION}-input-files.xcfilelist",
			);
			name = "[CP] Embed Pods Frameworks";
			outputFileListPaths = (
				"${PODS_ROOT}/Target Support Files/Pods-workOut/Pods-workOut-frameworks-${CONFIGURATION}-output-files.xcfilelist",
			);
			runOnlyForDeploymentPostprocessing = 0;
			shellPath = /bin/sh;
			shellScript = "\"${PODS_ROOT}/Target Support Files/Pods-workOut/Pods-workOut-frameworks.sh\"\n";
			showEnvVarsInLog = 0;
		};
/* End PBXShellScriptBuildPhase section */

/* Begin PBXSourcesBuildPhase section */
		9DD4782528D72BC200DC2B44 /* Sources */ = {
			isa = PBXSourcesBuildPhase;
			buildActionMask = 2147483647;
			files = (
				9DD4785128D8706700DC2B44 /* UIView + Extensions.swift in Sources */,
				9D40ED8528ED954E006E5D6F /* TimerWorkoutViewController.swift in Sources */,
				9D7051ED28E023E50095F3DB /* WorkoutModel.swift in Sources */,
				9DD4785328D8706700DC2B44 /* UIStackView + Extensions.swift in Sources */,
				9D039FB828DD98AD00891205 /* MainTabBarController.swift in Sources */,
				9DF878B328DC840A0026AD5C /* UILabel + Extensions.swift in Sources */,
				9D7051F028E025580095F3DB /* RealmManager.swift in Sources */,
				9D40ED8328ED94EB006E5D6F /* RepsWorkoutViewController.swift in Sources */,
				9DD4783128D72BC200DC2B44 /* MainViewController.swift in Sources */,
				9DD4782D28D72BC200DC2B44 /* AppDelegate.swift in Sources */,
				9D039FBA28DD9EF000891205 /* ProfileViewController.swift in Sources */,
				9DD4789D28DC2B8C00DC2B44 /* WorkoutTableViewCell.swift in Sources */,
				9DD4789628DC081000DC2B44 /* CalendarCollectionViewCell.swift in Sources */,
				9DD4784728D74B0300DC2B44 /* CalendarView.swift in Sources */,
				9D039FBC28DDA02D00891205 /* NewWorkoutViewController.swift in Sources */,
				9DF878B528DC854F0026AD5C /* StatisticViewController.swift in Sources */,
				9DD4785228D8706700DC2B44 /* UIFont + Extensions.swift in Sources */,
				9DD4785028D8706700DC2B44 /* UIColor + Extensions.swift in Sources */,
				9D7051F728E2FC770095F3DB /* SimpleAlert.swift in Sources */,
				9DD4784928D86FE600DC2B44 /* WetherView.swift in Sources */,
				9D40ED8B28ED9729006E5D6F /* TimerWorkoutParametersView.swift in Sources */,
				9D7051F228E0303E0095F3DB /* Date + Extensions.swift in Sources */,
				9D039FBF28DF344700891205 /* DateAndRepeatView.swift in Sources */,
				9D40ED8828ED9647006E5D6F /* WorkoutParametersView.swift in Sources */,
				9DF878B728DC85E70026AD5C /* StatisticTableViewCell.swift in Sources */,
				9DD4782F28D72BC200DC2B44 /* SceneDelegate.swift in Sources */,
				9D039FC128DF34A100891205 /* RepsOrTimerView.swift in Sources */,
				9D40ED8D28ED9A4C006E5D6F /* CustomAlert.swift in Sources */,
			);
			runOnlyForDeploymentPostprocessing = 0;
		};
/* End PBXSourcesBuildPhase section */

/* Begin PBXVariantGroup section */
		9DD4783728D72BC500DC2B44 /* LaunchScreen.storyboard */ = {
			isa = PBXVariantGroup;
			children = (
				9DD4783828D72BC500DC2B44 /* Base */,
			);
			name = LaunchScreen.storyboard;
			sourceTree = "<group>";
		};
/* End PBXVariantGroup section */

/* Begin XCBuildConfiguration section */
		9DD4783B28D72BC500DC2B44 /* Debug */ = {
			isa = XCBuildConfiguration;
			buildSettings = {
				ALWAYS_SEARCH_USER_PATHS = NO;
				CLANG_ANALYZER_NONNULL = YES;
				CLANG_ANALYZER_NUMBER_OBJECT_CONVERSION = YES_AGGRESSIVE;
				CLANG_CXX_LANGUAGE_STANDARD = "gnu++20";
				CLANG_ENABLE_MODULES = YES;
				CLANG_ENABLE_OBJC_ARC = YES;
				CLANG_ENABLE_OBJC_WEAK = YES;
				CLANG_WARN_BLOCK_CAPTURE_AUTORELEASING = YES;
				CLANG_WARN_BOOL_CONVERSION = YES;
				CLANG_WARN_COMMA = YES;
				CLANG_WARN_CONSTANT_CONVERSION = YES;
				CLANG_WARN_DEPRECATED_OBJC_IMPLEMENTATIONS = YES;
				CLANG_WARN_DIRECT_OBJC_ISA_USAGE = YES_ERROR;
				CLANG_WARN_DOCUMENTATION_COMMENTS = YES;
				CLANG_WARN_EMPTY_BODY = YES;
				CLANG_WARN_ENUM_CONVERSION = YES;
				CLANG_WARN_INFINITE_RECURSION = YES;
				CLANG_WARN_INT_CONVERSION = YES;
				CLANG_WARN_NON_LITERAL_NULL_CONVERSION = YES;
				CLANG_WARN_OBJC_IMPLICIT_RETAIN_SELF = YES;
				CLANG_WARN_OBJC_LITERAL_CONVERSION = YES;
				CLANG_WARN_OBJC_ROOT_CLASS = YES_ERROR;
				CLANG_WARN_QUOTED_INCLUDE_IN_FRAMEWORK_HEADER = YES;
				CLANG_WARN_RANGE_LOOP_ANALYSIS = YES;
				CLANG_WARN_STRICT_PROTOTYPES = YES;
				CLANG_WARN_SUSPICIOUS_MOVE = YES;
				CLANG_WARN_UNGUARDED_AVAILABILITY = YES_AGGRESSIVE;
				CLANG_WARN_UNREACHABLE_CODE = YES;
				CLANG_WARN__DUPLICATE_METHOD_MATCH = YES;
				COPY_PHASE_STRIP = NO;
				DEBUG_INFORMATION_FORMAT = dwarf;
				ENABLE_STRICT_OBJC_MSGSEND = YES;
				ENABLE_TESTABILITY = YES;
				GCC_C_LANGUAGE_STANDARD = gnu11;
				GCC_DYNAMIC_NO_PIC = NO;
				GCC_NO_COMMON_BLOCKS = YES;
				GCC_OPTIMIZATION_LEVEL = 0;
				GCC_PREPROCESSOR_DEFINITIONS = (
					"DEBUG=1",
					"$(inherited)",
				);
				GCC_WARN_64_TO_32_BIT_CONVERSION = YES;
				GCC_WARN_ABOUT_RETURN_TYPE = YES_ERROR;
				GCC_WARN_UNDECLARED_SELECTOR = YES;
				GCC_WARN_UNINITIALIZED_AUTOS = YES_AGGRESSIVE;
				GCC_WARN_UNUSED_FUNCTION = YES;
				GCC_WARN_UNUSED_VARIABLE = YES;
				IPHONEOS_DEPLOYMENT_TARGET = 16.0;
				MTL_ENABLE_DEBUG_INFO = INCLUDE_SOURCE;
				MTL_FAST_MATH = YES;
				ONLY_ACTIVE_ARCH = YES;
				SDKROOT = iphoneos;
				SWIFT_ACTIVE_COMPILATION_CONDITIONS = DEBUG;
				SWIFT_OPTIMIZATION_LEVEL = "-Onone";
			};
			name = Debug;
		};
		9DD4783C28D72BC500DC2B44 /* Release */ = {
			isa = XCBuildConfiguration;
			buildSettings = {
				ALWAYS_SEARCH_USER_PATHS = NO;
				CLANG_ANALYZER_NONNULL = YES;
				CLANG_ANALYZER_NUMBER_OBJECT_CONVERSION = YES_AGGRESSIVE;
				CLANG_CXX_LANGUAGE_STANDARD = "gnu++20";
				CLANG_ENABLE_MODULES = YES;
				CLANG_ENABLE_OBJC_ARC = YES;
				CLANG_ENABLE_OBJC_WEAK = YES;
				CLANG_WARN_BLOCK_CAPTURE_AUTORELEASING = YES;
				CLANG_WARN_BOOL_CONVERSION = YES;
				CLANG_WARN_COMMA = YES;
				CLANG_WARN_CONSTANT_CONVERSION = YES;
				CLANG_WARN_DEPRECATED_OBJC_IMPLEMENTATIONS = YES;
				CLANG_WARN_DIRECT_OBJC_ISA_USAGE = YES_ERROR;
				CLANG_WARN_DOCUMENTATION_COMMENTS = YES;
				CLANG_WARN_EMPTY_BODY = YES;
				CLANG_WARN_ENUM_CONVERSION = YES;
				CLANG_WARN_INFINITE_RECURSION = YES;
				CLANG_WARN_INT_CONVERSION = YES;
				CLANG_WARN_NON_LITERAL_NULL_CONVERSION = YES;
				CLANG_WARN_OBJC_IMPLICIT_RETAIN_SELF = YES;
				CLANG_WARN_OBJC_LITERAL_CONVERSION = YES;
				CLANG_WARN_OBJC_ROOT_CLASS = YES_ERROR;
				CLANG_WARN_QUOTED_INCLUDE_IN_FRAMEWORK_HEADER = YES;
				CLANG_WARN_RANGE_LOOP_ANALYSIS = YES;
				CLANG_WARN_STRICT_PROTOTYPES = YES;
				CLANG_WARN_SUSPICIOUS_MOVE = YES;
				CLANG_WARN_UNGUARDED_AVAILABILITY = YES_AGGRESSIVE;
				CLANG_WARN_UNREACHABLE_CODE = YES;
				CLANG_WARN__DUPLICATE_METHOD_MATCH = YES;
				COPY_PHASE_STRIP = NO;
				DEBUG_INFORMATION_FORMAT = "dwarf-with-dsym";
				ENABLE_NS_ASSERTIONS = NO;
				ENABLE_STRICT_OBJC_MSGSEND = YES;
				GCC_C_LANGUAGE_STANDARD = gnu11;
				GCC_NO_COMMON_BLOCKS = YES;
				GCC_WARN_64_TO_32_BIT_CONVERSION = YES;
				GCC_WARN_ABOUT_RETURN_TYPE = YES_ERROR;
				GCC_WARN_UNDECLARED_SELECTOR = YES;
				GCC_WARN_UNINITIALIZED_AUTOS = YES_AGGRESSIVE;
				GCC_WARN_UNUSED_FUNCTION = YES;
				GCC_WARN_UNUSED_VARIABLE = YES;
				IPHONEOS_DEPLOYMENT_TARGET = 16.0;
				MTL_ENABLE_DEBUG_INFO = NO;
				MTL_FAST_MATH = YES;
				SDKROOT = iphoneos;
				SWIFT_COMPILATION_MODE = wholemodule;
				SWIFT_OPTIMIZATION_LEVEL = "-O";
				VALIDATE_PRODUCT = YES;
			};
			name = Release;
		};
		9DD4783E28D72BC500DC2B44 /* Debug */ = {
			isa = XCBuildConfiguration;
			baseConfigurationReference = AEAE9AE6DF08CC22F9DB9B1B /* Pods-workOut.debug.xcconfig */;
			buildSettings = {
				ASSETCATALOG_COMPILER_APPICON_NAME = AppIcon;
				ASSETCATALOG_COMPILER_GLOBAL_ACCENT_COLOR_NAME = AccentColor;
				CODE_SIGN_STYLE = Automatic;
				CURRENT_PROJECT_VERSION = 1;
				DEVELOPMENT_TEAM = GFXMVZ7W43;
				GENERATE_INFOPLIST_FILE = YES;
				INFOPLIST_FILE = workOut/Resources/Info.plist;
				INFOPLIST_KEY_UIApplicationSupportsIndirectInputEvents = YES;
				INFOPLIST_KEY_UILaunchStoryboardName = LaunchScreen;
				INFOPLIST_KEY_UISupportedInterfaceOrientations = UIInterfaceOrientationPortrait;
				INFOPLIST_KEY_UISupportedInterfaceOrientations_iPad = "UIInterfaceOrientationPortrait UIInterfaceOrientationPortraitUpsideDown";
				IPHONEOS_DEPLOYMENT_TARGET = 13.0;
				LD_RUNPATH_SEARCH_PATHS = (
					"$(inherited)",
					"@executable_path/Frameworks",
				);
				MARKETING_VERSION = 1.0;
				PRODUCT_BUNDLE_IDENTIFIER = com.homeMade.workOut;
				PRODUCT_NAME = "$(TARGET_NAME)";
				SUPPORTED_PLATFORMS = "iphoneos iphonesimulator";
				SUPPORTS_MACCATALYST = NO;
				SUPPORTS_MAC_DESIGNED_FOR_IPHONE_IPAD = NO;
				SWIFT_EMIT_LOC_STRINGS = YES;
				SWIFT_VERSION = 5.0;
				TARGETED_DEVICE_FAMILY = 1;
			};
			name = Debug;
		};
		9DD4783F28D72BC500DC2B44 /* Release */ = {
			isa = XCBuildConfiguration;
			baseConfigurationReference = FAD3AC562164E8E2DC14BAF9 /* Pods-workOut.release.xcconfig */;
			buildSettings = {
				ASSETCATALOG_COMPILER_APPICON_NAME = AppIcon;
				ASSETCATALOG_COMPILER_GLOBAL_ACCENT_COLOR_NAME = AccentColor;
				CODE_SIGN_STYLE = Automatic;
				CURRENT_PROJECT_VERSION = 1;
				DEVELOPMENT_TEAM = GFXMVZ7W43;
				GENERATE_INFOPLIST_FILE = YES;
				INFOPLIST_FILE = workOut/Resources/Info.plist;
				INFOPLIST_KEY_UIApplicationSupportsIndirectInputEvents = YES;
				INFOPLIST_KEY_UILaunchStoryboardName = LaunchScreen;
				INFOPLIST_KEY_UISupportedInterfaceOrientations = UIInterfaceOrientationPortrait;
				INFOPLIST_KEY_UISupportedInterfaceOrientations_iPad = "UIInterfaceOrientationPortrait UIInterfaceOrientationPortraitUpsideDown";
				IPHONEOS_DEPLOYMENT_TARGET = 13.0;
				LD_RUNPATH_SEARCH_PATHS = (
					"$(inherited)",
					"@executable_path/Frameworks",
				);
				MARKETING_VERSION = 1.0;
				PRODUCT_BUNDLE_IDENTIFIER = com.homeMade.workOut;
				PRODUCT_NAME = "$(TARGET_NAME)";
				SUPPORTED_PLATFORMS = "iphoneos iphonesimulator";
				SUPPORTS_MACCATALYST = NO;
				SUPPORTS_MAC_DESIGNED_FOR_IPHONE_IPAD = NO;
				SWIFT_EMIT_LOC_STRINGS = YES;
				SWIFT_VERSION = 5.0;
				TARGETED_DEVICE_FAMILY = 1;
			};
			name = Release;
		};
/* End XCBuildConfiguration section */

/* Begin XCConfigurationList section */
		9DD4782428D72BC200DC2B44 /* Build configuration list for PBXProject "workOut" */ = {
			isa = XCConfigurationList;
			buildConfigurations = (
				9DD4783B28D72BC500DC2B44 /* Debug */,
				9DD4783C28D72BC500DC2B44 /* Release */,
			);
			defaultConfigurationIsVisible = 0;
			defaultConfigurationName = Release;
		};
		9DD4783D28D72BC500DC2B44 /* Build configuration list for PBXNativeTarget "workOut" */ = {
			isa = XCConfigurationList;
			buildConfigurations = (
				9DD4783E28D72BC500DC2B44 /* Debug */,
				9DD4783F28D72BC500DC2B44 /* Release */,
			);
			defaultConfigurationIsVisible = 0;
			defaultConfigurationName = Release;
		};
/* End XCConfigurationList section */
	};
	rootObject = 9DD4782128D72BC200DC2B44 /* Project object */;
}
